PODS:
  - BigInt (3.1.0):
    - SipHash (~> 1.2)
  - SipHash (1.2.2)

DEPENDENCIES:
  - BigInt (~> 3.1)

SPEC REPOS:
  https://github.com/cocoapods/specs.git:
    - BigInt
    - SipHash

SPEC CHECKSUMS:
  BigInt: 76b5dfdfa3e2e478d4ffdf161aeede5502e2742f
  SipHash: fad90a4683e420c52ef28063063dbbce248ea6d4

PODFILE CHECKSUM: 597335c5c8e18cd37e92413d97d9dc943246349e

COCOAPODS: 1.5.3
