// !$*UTF8*$!
{
	archiveVersion = 1;
	classes = {
	};
	objectVersion = 50;
	objects = {

/* Begin PBXBuildFile section */
		632B8C16FA3FDB576B939494 /* Pods_EllipticSwift.framework in Frameworks */ = {isa = PBXBuildFile; fileRef = ACCFE1DE84DC765CFE083B3D /* Pods_EllipticSwift.framework */; };
		8122DE4C21543A8400870D39 /* EllipticSwiftTests.swift in Sources */ = {isa = PBXBuildFile; fileRef = 8122DE4B21543A8400870D39 /* EllipticSwiftTests.swift */; };
		8122DE4E21543A8400870D39 /* EllipticSwift.framework in Frameworks */ = {isa = PBXBuildFile; fileRef = 8165EBB52154337900C7117A /* EllipticSwift.framework */; };
		8122DE5A2154420400870D39 /* MontgommeryCurve.swift in Sources */ = {isa = PBXBuildFile; fileRef = 8122DE592154420400870D39 /* MontgommeryCurve.swift */; };
		8122DE5C215447D100870D39 /* TwistedEdwardsCurve.swift in Sources */ = {isa = PBXBuildFile; fileRef = 8122DE5B215447D100870D39 /* TwistedEdwardsCurve.swift */; };
		8122DE5D215447D100870D39 /* TwistedEdwardsCurve.swift in Sources */ = {isa = PBXBuildFile; fileRef = 8122DE5B215447D100870D39 /* TwistedEdwardsCurve.swift */; };
		8122DE5E215447D300870D39 /* MontgommeryCurve.swift in Sources */ = {isa = PBXBuildFile; fileRef = 8122DE592154420400870D39 /* MontgommeryCurve.swift */; };
		81246A14215E74EC005A0B65 /* CurveOverArithmericsProtocol.swift in Sources */ = {isa = PBXBuildFile; fileRef = 81246A13215E74EC005A0B65 /* CurveOverArithmericsProtocol.swift */; };
		81246A15215E74EF005A0B65 /* CurveOverArithmericsProtocol.swift in Sources */ = {isa = PBXBuildFile; fileRef = 81246A13215E74EC005A0B65 /* CurveOverArithmericsProtocol.swift */; };
		81246A17215E76C4005A0B65 /* ExtendableWeierstrassCurve.swift in Sources */ = {isa = PBXBuildFile; fileRef = 81246A16215E76C4005A0B65 /* ExtendableWeierstrassCurve.swift */; };
		81246A18215E76C4005A0B65 /* ExtendableWeierstrassCurve.swift in Sources */ = {isa = PBXBuildFile; fileRef = 81246A16215E76C4005A0B65 /* ExtendableWeierstrassCurve.swift */; };
		8165EBC62154337900C7117A /* EllipticSwift.h in Headers */ = {isa = PBXBuildFile; fileRef = 8165EBB82154337900C7117A /* EllipticSwift.h */; settings = {ATTRIBUTES = (Public, ); }; };
		8165EBD8215433CC00C7117A /* EllipticSwift_iOS.h in Headers */ = {isa = PBXBuildFile; fileRef = 8165EBD6215433CC00C7117A /* EllipticSwift_iOS.h */; settings = {ATTRIBUTES = (Public, ); }; };
		81AE0B7B215434000019CA83 /* WeirstrassCurve.swift in Sources */ = {isa = PBXBuildFile; fileRef = 81AE0B4D215434000019CA83 /* WeirstrassCurve.swift */; };
		81AE0B7C215434000019CA83 /* WeirstrassCurve.swift in Sources */ = {isa = PBXBuildFile; fileRef = 81AE0B4D215434000019CA83 /* WeirstrassCurve.swift */; };
		81AE0B7F215434000019CA83 /* AffineCoordinates.swift in Sources */ = {isa = PBXBuildFile; fileRef = 81AE0B4F215434000019CA83 /* AffineCoordinates.swift */; };
		81AE0B80215434000019CA83 /* AffineCoordinates.swift in Sources */ = {isa = PBXBuildFile; fileRef = 81AE0B4F215434000019CA83 /* AffineCoordinates.swift */; };
		81AE0B81215434000019CA83 /* Point.swift in Sources */ = {isa = PBXBuildFile; fileRef = 81AE0B50215434000019CA83 /* Point.swift */; };
		81AE0B82215434000019CA83 /* Point.swift in Sources */ = {isa = PBXBuildFile; fileRef = 81AE0B50215434000019CA83 /* Point.swift */; };
		81AE0B83215434000019CA83 /* CurveProtocols.swift in Sources */ = {isa = PBXBuildFile; fileRef = 81AE0B51215434000019CA83 /* CurveProtocols.swift */; };
		81AE0B84215434000019CA83 /* CurveProtocols.swift in Sources */ = {isa = PBXBuildFile; fileRef = 81AE0B51215434000019CA83 /* CurveProtocols.swift */; };
		81AE0B85215434000019CA83 /* Data+Bytes.swift in Sources */ = {isa = PBXBuildFile; fileRef = 81AE0B53215434000019CA83 /* Data+Bytes.swift */; };
		81AE0B86215434000019CA83 /* Data+Bytes.swift in Sources */ = {isa = PBXBuildFile; fileRef = 81AE0B53215434000019CA83 /* Data+Bytes.swift */; };
		81AE0B87215434000019CA83 /* Constants.swift in Sources */ = {isa = PBXBuildFile; fileRef = 81AE0B55215434000019CA83 /* Constants.swift */; };
		81AE0B88215434000019CA83 /* Constants.swift in Sources */ = {isa = PBXBuildFile; fileRef = 81AE0B55215434000019CA83 /* Constants.swift */; };
		81AE0B89215434000019CA83 /* WindowMethods.swift in Sources */ = {isa = PBXBuildFile; fileRef = 81AE0B56215434000019CA83 /* WindowMethods.swift */; };
		81AE0B8A215434000019CA83 /* WindowMethods.swift in Sources */ = {isa = PBXBuildFile; fileRef = 81AE0B56215434000019CA83 /* WindowMethods.swift */; };
		81AE0B8B215434000019CA83 /* NaivePrimeField.swift in Sources */ = {isa = PBXBuildFile; fileRef = 81AE0B58215434000019CA83 /* NaivePrimeField.swift */; };
		81AE0B8C215434000019CA83 /* NaivePrimeField.swift in Sources */ = {isa = PBXBuildFile; fileRef = 81AE0B58215434000019CA83 /* NaivePrimeField.swift */; };
		81AE0B8D215434000019CA83 /* FieldProtocols.swift in Sources */ = {isa = PBXBuildFile; fileRef = 81AE0B59215434000019CA83 /* FieldProtocols.swift */; };
		81AE0B8E215434000019CA83 /* FieldProtocols.swift in Sources */ = {isa = PBXBuildFile; fileRef = 81AE0B59215434000019CA83 /* FieldProtocols.swift */; };
		81AE0B8F215434000019CA83 /* MontPrimeField.swift in Sources */ = {isa = PBXBuildFile; fileRef = 81AE0B5A215434000019CA83 /* MontPrimeField.swift */; };
		81AE0B90215434000019CA83 /* MontPrimeField.swift in Sources */ = {isa = PBXBuildFile; fileRef = 81AE0B5A215434000019CA83 /* MontPrimeField.swift */; };
		81AE0B91215434000019CA83 /* PrimeFieldElement.swift in Sources */ = {isa = PBXBuildFile; fileRef = 81AE0B5B215434000019CA83 /* PrimeFieldElement.swift */; };
		81AE0B92215434000019CA83 /* PrimeFieldElement.swift in Sources */ = {isa = PBXBuildFile; fileRef = 81AE0B5B215434000019CA83 /* PrimeFieldElement.swift */; };
		81AE0B93215434000019CA83 /* U512+Div.swift in Sources */ = {isa = PBXBuildFile; fileRef = 81AE0B5E215434000019CA83 /* U512+Div.swift */; };
		81AE0B94215434000019CA83 /* U512+Div.swift in Sources */ = {isa = PBXBuildFile; fileRef = 81AE0B5E215434000019CA83 /* U512+Div.swift */; };
		81AE0B95215434000019CA83 /* U512+Mul.swift in Sources */ = {isa = PBXBuildFile; fileRef = 81AE0B5F215434000019CA83 /* U512+Mul.swift */; };
		81AE0B96215434000019CA83 /* U512+Mul.swift in Sources */ = {isa = PBXBuildFile; fileRef = 81AE0B5F215434000019CA83 /* U512+Mul.swift */; };
		81AE0B97215434000019CA83 /* U512.swift in Sources */ = {isa = PBXBuildFile; fileRef = 81AE0B60215434000019CA83 /* U512.swift */; };
		81AE0B98215434000019CA83 /* U512.swift in Sources */ = {isa = PBXBuildFile; fileRef = 81AE0B60215434000019CA83 /* U512.swift */; };
		81AE0B99215434000019CA83 /* U512+Aux.swift in Sources */ = {isa = PBXBuildFile; fileRef = 81AE0B61215434000019CA83 /* U512+Aux.swift */; };
		81AE0B9A215434000019CA83 /* U512+Aux.swift in Sources */ = {isa = PBXBuildFile; fileRef = 81AE0B61215434000019CA83 /* U512+Aux.swift */; };
		81AE0B9B215434000019CA83 /* U512+Sub.swift in Sources */ = {isa = PBXBuildFile; fileRef = 81AE0B62215434000019CA83 /* U512+Sub.swift */; };
		81AE0B9C215434000019CA83 /* U512+Sub.swift in Sources */ = {isa = PBXBuildFile; fileRef = 81AE0B62215434000019CA83 /* U512+Sub.swift */; };
		81AE0B9D215434000019CA83 /* U512+Mod.swift in Sources */ = {isa = PBXBuildFile; fileRef = 81AE0B63215434000019CA83 /* U512+Mod.swift */; };
		81AE0B9E215434000019CA83 /* U512+Mod.swift in Sources */ = {isa = PBXBuildFile; fileRef = 81AE0B63215434000019CA83 /* U512+Mod.swift */; };
		81AE0B9F215434000019CA83 /* U512+Add.swift in Sources */ = {isa = PBXBuildFile; fileRef = 81AE0B64215434000019CA83 /* U512+Add.swift */; };
		81AE0BA0215434000019CA83 /* U512+Add.swift in Sources */ = {isa = PBXBuildFile; fileRef = 81AE0B64215434000019CA83 /* U512+Add.swift */; };
		81AE0BA1215434000019CA83 /* UInt32.swift in Sources */ = {isa = PBXBuildFile; fileRef = 81AE0B65215434000019CA83 /* UInt32.swift */; };
		81AE0BA2215434000019CA83 /* UInt32.swift in Sources */ = {isa = PBXBuildFile; fileRef = 81AE0B65215434000019CA83 /* UInt32.swift */; };
		81AE0BA3215434000019CA83 /* FiniteWidthInteger.swift in Sources */ = {isa = PBXBuildFile; fileRef = 81AE0B66215434000019CA83 /* FiniteWidthInteger.swift */; };
		81AE0BA4215434000019CA83 /* FiniteWidthInteger.swift in Sources */ = {isa = PBXBuildFile; fileRef = 81AE0B66215434000019CA83 /* FiniteWidthInteger.swift */; };
		81AE0BA5215434000019CA83 /* vUInt32.swift in Sources */ = {isa = PBXBuildFile; fileRef = 81AE0B67215434000019CA83 /* vUInt32.swift */; };
		81AE0BA6215434000019CA83 /* vUInt32.swift in Sources */ = {isa = PBXBuildFile; fileRef = 81AE0B67215434000019CA83 /* vUInt32.swift */; };
		81AE0BA7215434000019CA83 /* U128+Comparable.swift in Sources */ = {isa = PBXBuildFile; fileRef = 81AE0B69215434000019CA83 /* U128+Comparable.swift */; };
		81AE0BA8215434000019CA83 /* U128+Comparable.swift in Sources */ = {isa = PBXBuildFile; fileRef = 81AE0B69215434000019CA83 /* U128+Comparable.swift */; };
		81AE0BA9215434000019CA83 /* U128+BitAccessible.swift in Sources */ = {isa = PBXBuildFile; fileRef = 81AE0B6A215434000019CA83 /* U128+BitAccessible.swift */; };
		81AE0BAA215434000019CA83 /* U128+BitAccessible.swift in Sources */ = {isa = PBXBuildFile; fileRef = 81AE0B6A215434000019CA83 /* U128+BitAccessible.swift */; };
		81AE0BAB215434000019CA83 /* U128+Equatable.swift in Sources */ = {isa = PBXBuildFile; fileRef = 81AE0B6B215434000019CA83 /* U128+Equatable.swift */; };
		81AE0BAC215434000019CA83 /* U128+Equatable.swift in Sources */ = {isa = PBXBuildFile; fileRef = 81AE0B6B215434000019CA83 /* U128+Equatable.swift */; };
		81AE0BAD215434000019CA83 /* U128.swift in Sources */ = {isa = PBXBuildFile; fileRef = 81AE0B6C215434000019CA83 /* U128.swift */; };
		81AE0BAE215434000019CA83 /* U128.swift in Sources */ = {isa = PBXBuildFile; fileRef = 81AE0B6C215434000019CA83 /* U128.swift */; };
		81AE0BAF215434000019CA83 /* U256+Numeric.swift in Sources */ = {isa = PBXBuildFile; fileRef = 81AE0B6E215434000019CA83 /* U256+Numeric.swift */; };
		81AE0BB0215434000019CA83 /* U256+Numeric.swift in Sources */ = {isa = PBXBuildFile; fileRef = 81AE0B6E215434000019CA83 /* U256+Numeric.swift */; };
		81AE0BB1215434000019CA83 /* U256+Comparable.swift in Sources */ = {isa = PBXBuildFile; fileRef = 81AE0B6F215434000019CA83 /* U256+Comparable.swift */; };
		81AE0BB2215434000019CA83 /* U256+Comparable.swift in Sources */ = {isa = PBXBuildFile; fileRef = 81AE0B6F215434000019CA83 /* U256+Comparable.swift */; };
		81AE0BB3215434000019CA83 /* U256+Mod.swift in Sources */ = {isa = PBXBuildFile; fileRef = 81AE0B70215434000019CA83 /* U256+Mod.swift */; };
		81AE0BB4215434000019CA83 /* U256+Mod.swift in Sources */ = {isa = PBXBuildFile; fileRef = 81AE0B70215434000019CA83 /* U256+Mod.swift */; };
		81AE0BB5215434000019CA83 /* U256+Add.swift in Sources */ = {isa = PBXBuildFile; fileRef = 81AE0B71215434000019CA83 /* U256+Add.swift */; };
		81AE0BB6215434000019CA83 /* U256+Add.swift in Sources */ = {isa = PBXBuildFile; fileRef = 81AE0B71215434000019CA83 /* U256+Add.swift */; };
		81AE0BB7215434000019CA83 /* U256+Equatable.swift in Sources */ = {isa = PBXBuildFile; fileRef = 81AE0B72215434000019CA83 /* U256+Equatable.swift */; };
		81AE0BB8215434000019CA83 /* U256+Equatable.swift in Sources */ = {isa = PBXBuildFile; fileRef = 81AE0B72215434000019CA83 /* U256+Equatable.swift */; };
		81AE0BB9215434000019CA83 /* U256+BitOps.swift in Sources */ = {isa = PBXBuildFile; fileRef = 81AE0B73215434000019CA83 /* U256+BitOps.swift */; };
		81AE0BBA215434000019CA83 /* U256+BitOps.swift in Sources */ = {isa = PBXBuildFile; fileRef = 81AE0B73215434000019CA83 /* U256+BitOps.swift */; };
		81AE0BBB215434000019CA83 /* U256+Sub.swift in Sources */ = {isa = PBXBuildFile; fileRef = 81AE0B74215434000019CA83 /* U256+Sub.swift */; };
		81AE0BBC215434000019CA83 /* U256+Sub.swift in Sources */ = {isa = PBXBuildFile; fileRef = 81AE0B74215434000019CA83 /* U256+Sub.swift */; };
		81AE0BBD215434000019CA83 /* U256.swift in Sources */ = {isa = PBXBuildFile; fileRef = 81AE0B75215434000019CA83 /* U256.swift */; };
		81AE0BBE215434000019CA83 /* U256.swift in Sources */ = {isa = PBXBuildFile; fileRef = 81AE0B75215434000019CA83 /* U256.swift */; };
		81AE0BBF215434000019CA83 /* U256+Mont.swift in Sources */ = {isa = PBXBuildFile; fileRef = 81AE0B76215434000019CA83 /* U256+Mont.swift */; };
		81AE0BC0215434000019CA83 /* U256+Mont.swift in Sources */ = {isa = PBXBuildFile; fileRef = 81AE0B76215434000019CA83 /* U256+Mont.swift */; };
		81AE0BC1215434000019CA83 /* U256+Aux.swift in Sources */ = {isa = PBXBuildFile; fileRef = 81AE0B77215434000019CA83 /* U256+Aux.swift */; };
		81AE0BC2215434000019CA83 /* U256+Aux.swift in Sources */ = {isa = PBXBuildFile; fileRef = 81AE0B77215434000019CA83 /* U256+Aux.swift */; };
		81AE0BC3215434000019CA83 /* U256+Div.swift in Sources */ = {isa = PBXBuildFile; fileRef = 81AE0B78215434000019CA83 /* U256+Div.swift */; };
		81AE0BC4215434000019CA83 /* U256+Div.swift in Sources */ = {isa = PBXBuildFile; fileRef = 81AE0B78215434000019CA83 /* U256+Div.swift */; };
		81AE0BC5215434000019CA83 /* U256+BitAccessible.swift in Sources */ = {isa = PBXBuildFile; fileRef = 81AE0B79215434000019CA83 /* U256+BitAccessible.swift */; };
		81AE0BC6215434000019CA83 /* U256+BitAccessible.swift in Sources */ = {isa = PBXBuildFile; fileRef = 81AE0B79215434000019CA83 /* U256+BitAccessible.swift */; };
		81AE0BC7215434000019CA83 /* U256+Mul.swift in Sources */ = {isa = PBXBuildFile; fileRef = 81AE0B7A215434000019CA83 /* U256+Mul.swift */; };
		81AE0BC8215434000019CA83 /* U256+Mul.swift in Sources */ = {isa = PBXBuildFile; fileRef = 81AE0B7A215434000019CA83 /* U256+Mul.swift */; };
		81AE0BCA215436160019CA83 /* Accelerate.framework in Frameworks */ = {isa = PBXBuildFile; fileRef = 81AE0BC9215436160019CA83 /* Accelerate.framework */; };
		81AE0BCC2154361F0019CA83 /* Accelerate.framework in Frameworks */ = {isa = PBXBuildFile; fileRef = 81AE0BCB2154361F0019CA83 /* Accelerate.framework */; };
		81E5C087215BF27B00BF7D52 /* NaivePrimeFiniteField.swift in Sources */ = {isa = PBXBuildFile; fileRef = 81E5C086215BF27B00BF7D52 /* NaivePrimeFiniteField.swift */; };
		81E5C088215BF27B00BF7D52 /* NaivePrimeFiniteField.swift in Sources */ = {isa = PBXBuildFile; fileRef = 81E5C086215BF27B00BF7D52 /* NaivePrimeFiniteField.swift */; };
		81F74E5D21591041006D4E9A /* BN256.swift in Sources */ = {isa = PBXBuildFile; fileRef = 81F74E5C21591041006D4E9A /* BN256.swift */; };
		81F74E5E21591041006D4E9A /* BN256.swift in Sources */ = {isa = PBXBuildFile; fileRef = 81F74E5C21591041006D4E9A /* BN256.swift */; };
		81F74E6021591058006D4E9A /* Secp256k1.swift in Sources */ = {isa = PBXBuildFile; fileRef = 81F74E5F21591058006D4E9A /* Secp256k1.swift */; };
		81F74E6121591058006D4E9A /* Secp256k1.swift in Sources */ = {isa = PBXBuildFile; fileRef = 81F74E5F21591058006D4E9A /* Secp256k1.swift */; };
		81F74E64215912F4006D4E9A /* FieldPolynomial.swift in Sources */ = {isa = PBXBuildFile; fileRef = 81F74E63215912F4006D4E9A /* FieldPolynomial.swift */; };
		81F74E65215912F4006D4E9A /* FieldPolynomial.swift in Sources */ = {isa = PBXBuildFile; fileRef = 81F74E63215912F4006D4E9A /* FieldPolynomial.swift */; };
		81F74E6721591334006D4E9A /* FieldPolynomialProtocol.swift in Sources */ = {isa = PBXBuildFile; fileRef = 81F74E6621591334006D4E9A /* FieldPolynomialProtocol.swift */; };
		81F74E6821591334006D4E9A /* FieldPolynomialProtocol.swift in Sources */ = {isa = PBXBuildFile; fileRef = 81F74E6621591334006D4E9A /* FieldPolynomialProtocol.swift */; };
		81F74E6A21591E11006D4E9A /* EllipticSwiftPolynomialTests.swift in Sources */ = {isa = PBXBuildFile; fileRef = 81F74E6921591E11006D4E9A /* EllipticSwiftPolynomialTests.swift */; };
		81F74E6D215965E6006D4E9A /* ArithmeticsProtocol.swift in Sources */ = {isa = PBXBuildFile; fileRef = 81F74E6C215965E6006D4E9A /* ArithmeticsProtocol.swift */; };
		81F74E6E215965E6006D4E9A /* ArithmeticsProtocol.swift in Sources */ = {isa = PBXBuildFile; fileRef = 81F74E6C215965E6006D4E9A /* ArithmeticsProtocol.swift */; };
		81F74E7021596A3D006D4E9A /* FieldElement.swift in Sources */ = {isa = PBXBuildFile; fileRef = 81F74E6F21596A3D006D4E9A /* FieldElement.swift */; };
		81F74E7121596A3D006D4E9A /* FieldElement.swift in Sources */ = {isa = PBXBuildFile; fileRef = 81F74E6F21596A3D006D4E9A /* FieldElement.swift */; };
		81F74E732159757D006D4E9A /* GroupProtocol.swift in Sources */ = {isa = PBXBuildFile; fileRef = 81F74E722159757D006D4E9A /* GroupProtocol.swift */; };
		81F74E742159757D006D4E9A /* GroupProtocol.swift in Sources */ = {isa = PBXBuildFile; fileRef = 81F74E722159757D006D4E9A /* GroupProtocol.swift */; };
		81F74E772159773C006D4E9A /* QuadraticExtensionField.swift in Sources */ = {isa = PBXBuildFile; fileRef = 81F74E762159773C006D4E9A /* QuadraticExtensionField.swift */; };
		81F74E782159773C006D4E9A /* QuadraticExtensionField.swift in Sources */ = {isa = PBXBuildFile; fileRef = 81F74E762159773C006D4E9A /* QuadraticExtensionField.swift */; };
		81F74E7A21597903006D4E9A /* ExtensionFieldProtocol.swift in Sources */ = {isa = PBXBuildFile; fileRef = 81F74E7921597903006D4E9A /* ExtensionFieldProtocol.swift */; };
		81F74E7B21597903006D4E9A /* ExtensionFieldProtocol.swift in Sources */ = {isa = PBXBuildFile; fileRef = 81F74E7921597903006D4E9A /* ExtensionFieldProtocol.swift */; };
		81F74E7E2159872A006D4E9A /* DoubleAndAddExponentiation.swift in Sources */ = {isa = PBXBuildFile; fileRef = 81F74E7D2159872A006D4E9A /* DoubleAndAddExponentiation.swift */; };
		81F74E7F2159872A006D4E9A /* DoubleAndAddExponentiation.swift in Sources */ = {isa = PBXBuildFile; fileRef = 81F74E7D2159872A006D4E9A /* DoubleAndAddExponentiation.swift */; };
		81F74E8121598F8A006D4E9A /* kSlidingWindowExponentiation.swift in Sources */ = {isa = PBXBuildFile; fileRef = 81F74E8021598F8A006D4E9A /* kSlidingWindowExponentiation.swift */; };
		81F74E8221598F8A006D4E9A /* kSlidingWindowExponentiation.swift in Sources */ = {isa = PBXBuildFile; fileRef = 81F74E8021598F8A006D4E9A /* kSlidingWindowExponentiation.swift */; };
		81F74E84215990AE006D4E9A /* UInt64+BitsAndBytes.swift in Sources */ = {isa = PBXBuildFile; fileRef = 81F74E83215990AE006D4E9A /* UInt64+BitsAndBytes.swift */; };
		81F74E85215990AE006D4E9A /* UInt64+BitsAndBytes.swift in Sources */ = {isa = PBXBuildFile; fileRef = 81F74E83215990AE006D4E9A /* UInt64+BitsAndBytes.swift */; };
		DFA16E70679BCDDE7252FDCF /* Pods_EllipticSwift_iOS.framework in Frameworks */ = {isa = PBXBuildFile; fileRef = 98BA8928F002F9DEBEC86D0F /* Pods_EllipticSwift_iOS.framework */; };
		F9F701DF4008E1E6BE0EFDD3 /* Pods_EllipticSwiftTests.framework in Frameworks */ = {isa = PBXBuildFile; fileRef = 40792BF309C45D0D4C35AA1D /* Pods_EllipticSwiftTests.framework */; };
/* End PBXBuildFile section */

/* Begin PBXContainerItemProxy section */
		8122DE4F21543A8400870D39 /* PBXContainerItemProxy */ = {
			isa = PBXContainerItemProxy;
			containerPortal = 8165EBAC2154337900C7117A /* Project object */;
			proxyType = 1;
			remoteGlobalIDString = 8165EBB42154337900C7117A;
			remoteInfo = EllipticSwift;
		};
/* End PBXContainerItemProxy section */

/* Begin PBXFileReference section */
		02AE06522C21F95377D09895 /* Pods-EllipticSwift.release.xcconfig */ = {isa = PBXFileReference; includeInIndex = 1; lastKnownFileType = text.xcconfig; name = "Pods-EllipticSwift.release.xcconfig"; path = "Target Support Files/Pods-EllipticSwift/Pods-EllipticSwift.release.xcconfig"; sourceTree = "<group>"; };
		09C3C4D7B1B7ABB0D47B51E8 /* Pods-EllipticSwiftTests.debug.xcconfig */ = {isa = PBXFileReference; includeInIndex = 1; lastKnownFileType = text.xcconfig; name = "Pods-EllipticSwiftTests.debug.xcconfig"; path = "Target Support Files/Pods-EllipticSwiftTests/Pods-EllipticSwiftTests.debug.xcconfig"; sourceTree = "<group>"; };
		1115AED3A4B27A038C78B34A /* Pods-EllipticSwift_iOS.release.xcconfig */ = {isa = PBXFileReference; includeInIndex = 1; lastKnownFileType = text.xcconfig; name = "Pods-EllipticSwift_iOS.release.xcconfig"; path = "Target Support Files/Pods-EllipticSwift_iOS/Pods-EllipticSwift_iOS.release.xcconfig"; sourceTree = "<group>"; };
		40792BF309C45D0D4C35AA1D /* Pods_EllipticSwiftTests.framework */ = {isa = PBXFileReference; explicitFileType = wrapper.framework; includeInIndex = 0; path = Pods_EllipticSwiftTests.framework; sourceTree = BUILT_PRODUCTS_DIR; };
		8122DE4921543A8400870D39 /* EllipticSwiftTests.xctest */ = {isa = PBXFileReference; explicitFileType = wrapper.cfbundle; includeInIndex = 0; path = EllipticSwiftTests.xctest; sourceTree = BUILT_PRODUCTS_DIR; };
		8122DE4B21543A8400870D39 /* EllipticSwiftTests.swift */ = {isa = PBXFileReference; lastKnownFileType = sourcecode.swift; path = EllipticSwiftTests.swift; sourceTree = "<group>"; };
		8122DE4D21543A8400870D39 /* Info.plist */ = {isa = PBXFileReference; lastKnownFileType = text.plist.xml; path = Info.plist; sourceTree = "<group>"; };
		8122DE592154420400870D39 /* MontgommeryCurve.swift */ = {isa = PBXFileReference; lastKnownFileType = sourcecode.swift; path = MontgommeryCurve.swift; sourceTree = "<group>"; };
		8122DE5B215447D100870D39 /* TwistedEdwardsCurve.swift */ = {isa = PBXFileReference; lastKnownFileType = sourcecode.swift; path = TwistedEdwardsCurve.swift; sourceTree = "<group>"; };
		81246A13215E74EC005A0B65 /* CurveOverArithmericsProtocol.swift */ = {isa = PBXFileReference; lastKnownFileType = sourcecode.swift; path = CurveOverArithmericsProtocol.swift; sourceTree = "<group>"; };
		81246A16215E76C4005A0B65 /* ExtendableWeierstrassCurve.swift */ = {isa = PBXFileReference; lastKnownFileType = sourcecode.swift; path = ExtendableWeierstrassCurve.swift; sourceTree = "<group>"; };
		8165EBB52154337900C7117A /* EllipticSwift.framework */ = {isa = PBXFileReference; explicitFileType = wrapper.framework; includeInIndex = 0; path = EllipticSwift.framework; sourceTree = BUILT_PRODUCTS_DIR; };
		8165EBB82154337900C7117A /* EllipticSwift.h */ = {isa = PBXFileReference; lastKnownFileType = sourcecode.c.h; path = EllipticSwift.h; sourceTree = "<group>"; };
		8165EBB92154337900C7117A /* Info.plist */ = {isa = PBXFileReference; lastKnownFileType = text.plist.xml; path = Info.plist; sourceTree = "<group>"; };
		8165EBC32154337900C7117A /* EllipticSwiftTests.swift */ = {isa = PBXFileReference; lastKnownFileType = sourcecode.swift; path = EllipticSwiftTests.swift; sourceTree = "<group>"; };
		8165EBC52154337900C7117A /* Info.plist */ = {isa = PBXFileReference; lastKnownFileType = text.plist.xml; path = Info.plist; sourceTree = "<group>"; };
		8165EBD4215433CC00C7117A /* EllipticSwift_iOS.framework */ = {isa = PBXFileReference; explicitFileType = wrapper.framework; includeInIndex = 0; path = EllipticSwift_iOS.framework; sourceTree = BUILT_PRODUCTS_DIR; };
		8165EBD6215433CC00C7117A /* EllipticSwift_iOS.h */ = {isa = PBXFileReference; lastKnownFileType = sourcecode.c.h; path = EllipticSwift_iOS.h; sourceTree = "<group>"; };
		8165EBD7215433CC00C7117A /* Info.plist */ = {isa = PBXFileReference; lastKnownFileType = text.plist.xml; path = Info.plist; sourceTree = "<group>"; };
		81AE0B4D215434000019CA83 /* WeirstrassCurve.swift */ = {isa = PBXFileReference; fileEncoding = 4; lastKnownFileType = sourcecode.swift; path = WeirstrassCurve.swift; sourceTree = "<group>"; };
		81AE0B4F215434000019CA83 /* AffineCoordinates.swift */ = {isa = PBXFileReference; fileEncoding = 4; lastKnownFileType = sourcecode.swift; path = AffineCoordinates.swift; sourceTree = "<group>"; };
		81AE0B50215434000019CA83 /* Point.swift */ = {isa = PBXFileReference; fileEncoding = 4; lastKnownFileType = sourcecode.swift; path = Point.swift; sourceTree = "<group>"; };
		81AE0B51215434000019CA83 /* CurveProtocols.swift */ = {isa = PBXFileReference; fileEncoding = 4; lastKnownFileType = sourcecode.swift; path = CurveProtocols.swift; sourceTree = "<group>"; };
		81AE0B53215434000019CA83 /* Data+Bytes.swift */ = {isa = PBXFileReference; fileEncoding = 4; lastKnownFileType = sourcecode.swift; path = "Data+Bytes.swift"; sourceTree = "<group>"; };
		81AE0B55215434000019CA83 /* Constants.swift */ = {isa = PBXFileReference; fileEncoding = 4; lastKnownFileType = sourcecode.swift; path = Constants.swift; sourceTree = "<group>"; };
		81AE0B56215434000019CA83 /* WindowMethods.swift */ = {isa = PBXFileReference; fileEncoding = 4; lastKnownFileType = sourcecode.swift; path = WindowMethods.swift; sourceTree = "<group>"; };
		81AE0B58215434000019CA83 /* NaivePrimeField.swift */ = {isa = PBXFileReference; fileEncoding = 4; lastKnownFileType = sourcecode.swift; path = NaivePrimeField.swift; sourceTree = "<group>"; };
		81AE0B59215434000019CA83 /* FieldProtocols.swift */ = {isa = PBXFileReference; fileEncoding = 4; lastKnownFileType = sourcecode.swift; path = FieldProtocols.swift; sourceTree = "<group>"; };
		81AE0B5A215434000019CA83 /* MontPrimeField.swift */ = {isa = PBXFileReference; fileEncoding = 4; lastKnownFileType = sourcecode.swift; path = MontPrimeField.swift; sourceTree = "<group>"; };
		81AE0B5B215434000019CA83 /* PrimeFieldElement.swift */ = {isa = PBXFileReference; fileEncoding = 4; lastKnownFileType = sourcecode.swift; path = PrimeFieldElement.swift; sourceTree = "<group>"; };
		81AE0B5E215434000019CA83 /* U512+Div.swift */ = {isa = PBXFileReference; fileEncoding = 4; lastKnownFileType = sourcecode.swift; path = "U512+Div.swift"; sourceTree = "<group>"; };
		81AE0B5F215434000019CA83 /* U512+Mul.swift */ = {isa = PBXFileReference; fileEncoding = 4; lastKnownFileType = sourcecode.swift; path = "U512+Mul.swift"; sourceTree = "<group>"; };
		81AE0B60215434000019CA83 /* U512.swift */ = {isa = PBXFileReference; fileEncoding = 4; lastKnownFileType = sourcecode.swift; path = U512.swift; sourceTree = "<group>"; };
		81AE0B61215434000019CA83 /* U512+Aux.swift */ = {isa = PBXFileReference; fileEncoding = 4; lastKnownFileType = sourcecode.swift; path = "U512+Aux.swift"; sourceTree = "<group>"; };
		81AE0B62215434000019CA83 /* U512+Sub.swift */ = {isa = PBXFileReference; fileEncoding = 4; lastKnownFileType = sourcecode.swift; path = "U512+Sub.swift"; sourceTree = "<group>"; };
		81AE0B63215434000019CA83 /* U512+Mod.swift */ = {isa = PBXFileReference; fileEncoding = 4; lastKnownFileType = sourcecode.swift; path = "U512+Mod.swift"; sourceTree = "<group>"; };
		81AE0B64215434000019CA83 /* U512+Add.swift */ = {isa = PBXFileReference; fileEncoding = 4; lastKnownFileType = sourcecode.swift; path = "U512+Add.swift"; sourceTree = "<group>"; };
		81AE0B65215434000019CA83 /* UInt32.swift */ = {isa = PBXFileReference; fileEncoding = 4; lastKnownFileType = sourcecode.swift; path = UInt32.swift; sourceTree = "<group>"; };
		81AE0B66215434000019CA83 /* FiniteWidthInteger.swift */ = {isa = PBXFileReference; fileEncoding = 4; lastKnownFileType = sourcecode.swift; path = FiniteWidthInteger.swift; sourceTree = "<group>"; };
		81AE0B67215434000019CA83 /* vUInt32.swift */ = {isa = PBXFileReference; fileEncoding = 4; lastKnownFileType = sourcecode.swift; path = vUInt32.swift; sourceTree = "<group>"; };
		81AE0B69215434000019CA83 /* U128+Comparable.swift */ = {isa = PBXFileReference; fileEncoding = 4; lastKnownFileType = sourcecode.swift; path = "U128+Comparable.swift"; sourceTree = "<group>"; };
		81AE0B6A215434000019CA83 /* U128+BitAccessible.swift */ = {isa = PBXFileReference; fileEncoding = 4; lastKnownFileType = sourcecode.swift; path = "U128+BitAccessible.swift"; sourceTree = "<group>"; };
		81AE0B6B215434000019CA83 /* U128+Equatable.swift */ = {isa = PBXFileReference; fileEncoding = 4; lastKnownFileType = sourcecode.swift; path = "U128+Equatable.swift"; sourceTree = "<group>"; };
		81AE0B6C215434000019CA83 /* U128.swift */ = {isa = PBXFileReference; fileEncoding = 4; lastKnownFileType = sourcecode.swift; path = U128.swift; sourceTree = "<group>"; };
		81AE0B6E215434000019CA83 /* U256+Numeric.swift */ = {isa = PBXFileReference; fileEncoding = 4; lastKnownFileType = sourcecode.swift; path = "U256+Numeric.swift"; sourceTree = "<group>"; };
		81AE0B6F215434000019CA83 /* U256+Comparable.swift */ = {isa = PBXFileReference; fileEncoding = 4; lastKnownFileType = sourcecode.swift; path = "U256+Comparable.swift"; sourceTree = "<group>"; };
		81AE0B70215434000019CA83 /* U256+Mod.swift */ = {isa = PBXFileReference; fileEncoding = 4; lastKnownFileType = sourcecode.swift; path = "U256+Mod.swift"; sourceTree = "<group>"; };
		81AE0B71215434000019CA83 /* U256+Add.swift */ = {isa = PBXFileReference; fileEncoding = 4; lastKnownFileType = sourcecode.swift; path = "U256+Add.swift"; sourceTree = "<group>"; };
		81AE0B72215434000019CA83 /* U256+Equatable.swift */ = {isa = PBXFileReference; fileEncoding = 4; lastKnownFileType = sourcecode.swift; path = "U256+Equatable.swift"; sourceTree = "<group>"; };
		81AE0B73215434000019CA83 /* U256+BitOps.swift */ = {isa = PBXFileReference; fileEncoding = 4; lastKnownFileType = sourcecode.swift; path = "U256+BitOps.swift"; sourceTree = "<group>"; };
		81AE0B74215434000019CA83 /* U256+Sub.swift */ = {isa = PBXFileReference; fileEncoding = 4; lastKnownFileType = sourcecode.swift; path = "U256+Sub.swift"; sourceTree = "<group>"; };
		81AE0B75215434000019CA83 /* U256.swift */ = {isa = PBXFileReference; fileEncoding = 4; lastKnownFileType = sourcecode.swift; path = U256.swift; sourceTree = "<group>"; };
		81AE0B76215434000019CA83 /* U256+Mont.swift */ = {isa = PBXFileReference; fileEncoding = 4; lastKnownFileType = sourcecode.swift; path = "U256+Mont.swift"; sourceTree = "<group>"; };
		81AE0B77215434000019CA83 /* U256+Aux.swift */ = {isa = PBXFileReference; fileEncoding = 4; lastKnownFileType = sourcecode.swift; path = "U256+Aux.swift"; sourceTree = "<group>"; };
		81AE0B78215434000019CA83 /* U256+Div.swift */ = {isa = PBXFileReference; fileEncoding = 4; lastKnownFileType = sourcecode.swift; path = "U256+Div.swift"; sourceTree = "<group>"; };
		81AE0B79215434000019CA83 /* U256+BitAccessible.swift */ = {isa = PBXFileReference; fileEncoding = 4; lastKnownFileType = sourcecode.swift; path = "U256+BitAccessible.swift"; sourceTree = "<group>"; };
		81AE0B7A215434000019CA83 /* U256+Mul.swift */ = {isa = PBXFileReference; fileEncoding = 4; lastKnownFileType = sourcecode.swift; path = "U256+Mul.swift"; sourceTree = "<group>"; };
		81AE0BC9215436160019CA83 /* Accelerate.framework */ = {isa = PBXFileReference; lastKnownFileType = wrapper.framework; name = Accelerate.framework; path = System/Library/Frameworks/Accelerate.framework; sourceTree = SDKROOT; };
		81AE0BCB2154361F0019CA83 /* Accelerate.framework */ = {isa = PBXFileReference; lastKnownFileType = wrapper.framework; name = Accelerate.framework; path = Platforms/iPhoneOS.platform/Developer/SDKs/iPhoneOS12.0.sdk/System/Library/Frameworks/Accelerate.framework; sourceTree = DEVELOPER_DIR; };
		81E5C07F215BDA1100BF7D52 /* CubicExtensionField.swift */ = {isa = PBXFileReference; lastKnownFileType = sourcecode.swift; path = CubicExtensionField.swift; sourceTree = "<group>"; };
		81E5C086215BF27B00BF7D52 /* NaivePrimeFiniteField.swift */ = {isa = PBXFileReference; lastKnownFileType = sourcecode.swift; path = NaivePrimeFiniteField.swift; sourceTree = "<group>"; };
		81F74E5C21591041006D4E9A /* BN256.swift */ = {isa = PBXFileReference; lastKnownFileType = sourcecode.swift; path = BN256.swift; sourceTree = "<group>"; };
		81F74E5F21591058006D4E9A /* Secp256k1.swift */ = {isa = PBXFileReference; lastKnownFileType = sourcecode.swift; path = Secp256k1.swift; sourceTree = "<group>"; };
		81F74E63215912F4006D4E9A /* FieldPolynomial.swift */ = {isa = PBXFileReference; lastKnownFileType = sourcecode.swift; path = FieldPolynomial.swift; sourceTree = "<group>"; };
		81F74E6621591334006D4E9A /* FieldPolynomialProtocol.swift */ = {isa = PBXFileReference; lastKnownFileType = sourcecode.swift; path = FieldPolynomialProtocol.swift; sourceTree = "<group>"; };
		81F74E6921591E11006D4E9A /* EllipticSwiftPolynomialTests.swift */ = {isa = PBXFileReference; lastKnownFileType = sourcecode.swift; path = EllipticSwiftPolynomialTests.swift; sourceTree = "<group>"; };
		81F74E6C215965E6006D4E9A /* ArithmeticsProtocol.swift */ = {isa = PBXFileReference; lastKnownFileType = sourcecode.swift; path = ArithmeticsProtocol.swift; sourceTree = "<group>"; };
		81F74E6F21596A3D006D4E9A /* FieldElement.swift */ = {isa = PBXFileReference; lastKnownFileType = sourcecode.swift; path = FieldElement.swift; sourceTree = "<group>"; };
		81F74E722159757D006D4E9A /* GroupProtocol.swift */ = {isa = PBXFileReference; lastKnownFileType = sourcecode.swift; path = GroupProtocol.swift; sourceTree = "<group>"; };
		81F74E762159773C006D4E9A /* QuadraticExtensionField.swift */ = {isa = PBXFileReference; lastKnownFileType = sourcecode.swift; path = QuadraticExtensionField.swift; sourceTree = "<group>"; };
		81F74E7921597903006D4E9A /* ExtensionFieldProtocol.swift */ = {isa = PBXFileReference; lastKnownFileType = sourcecode.swift; path = ExtensionFieldProtocol.swift; sourceTree = "<group>"; };
		81F74E7D2159872A006D4E9A /* DoubleAndAddExponentiation.swift */ = {isa = PBXFileReference; lastKnownFileType = sourcecode.swift; path = DoubleAndAddExponentiation.swift; sourceTree = "<group>"; };
		81F74E8021598F8A006D4E9A /* kSlidingWindowExponentiation.swift */ = {isa = PBXFileReference; lastKnownFileType = sourcecode.swift; path = kSlidingWindowExponentiation.swift; sourceTree = "<group>"; };
		81F74E83215990AE006D4E9A /* UInt64+BitsAndBytes.swift */ = {isa = PBXFileReference; lastKnownFileType = sourcecode.swift; path = "UInt64+BitsAndBytes.swift"; sourceTree = "<group>"; };
		98BA8928F002F9DEBEC86D0F /* Pods_EllipticSwift_iOS.framework */ = {isa = PBXFileReference; explicitFileType = wrapper.framework; includeInIndex = 0; path = Pods_EllipticSwift_iOS.framework; sourceTree = BUILT_PRODUCTS_DIR; };
		A8211FE381B08CE983FD86E8 /* Pods-EllipticSwift_iOS.debug.xcconfig */ = {isa = PBXFileReference; includeInIndex = 1; lastKnownFileType = text.xcconfig; name = "Pods-EllipticSwift_iOS.debug.xcconfig"; path = "Target Support Files/Pods-EllipticSwift_iOS/Pods-EllipticSwift_iOS.debug.xcconfig"; sourceTree = "<group>"; };
		AAB5115501697A4C5D5E68AA /* Pods-EllipticSwift.debug.xcconfig */ = {isa = PBXFileReference; includeInIndex = 1; lastKnownFileType = text.xcconfig; name = "Pods-EllipticSwift.debug.xcconfig"; path = "Target Support Files/Pods-EllipticSwift/Pods-EllipticSwift.debug.xcconfig"; sourceTree = "<group>"; };
		ACCFE1DE84DC765CFE083B3D /* Pods_EllipticSwift.framework */ = {isa = PBXFileReference; explicitFileType = wrapper.framework; includeInIndex = 0; path = Pods_EllipticSwift.framework; sourceTree = BUILT_PRODUCTS_DIR; };
		B6FB7CF461DCA18CF4F8C4AE /* Pods-EllipticSwiftTests.release.xcconfig */ = {isa = PBXFileReference; includeInIndex = 1; lastKnownFileType = text.xcconfig; name = "Pods-EllipticSwiftTests.release.xcconfig"; path = "Target Support Files/Pods-EllipticSwiftTests/Pods-EllipticSwiftTests.release.xcconfig"; sourceTree = "<group>"; };
/* End PBXFileReference section */

/* Begin PBXFrameworksBuildPhase section */
		8122DE4621543A8400870D39 /* Frameworks */ = {
			isa = PBXFrameworksBuildPhase;
			buildActionMask = 2147483647;
			files = (
				8122DE4E21543A8400870D39 /* EllipticSwift.framework in Frameworks */,
				F9F701DF4008E1E6BE0EFDD3 /* Pods_EllipticSwiftTests.framework in Frameworks */,
			);
			runOnlyForDeploymentPostprocessing = 0;
		};
		8165EBB22154337900C7117A /* Frameworks */ = {
			isa = PBXFrameworksBuildPhase;
			buildActionMask = 2147483647;
			files = (
				81AE0BCA215436160019CA83 /* Accelerate.framework in Frameworks */,
				632B8C16FA3FDB576B939494 /* Pods_EllipticSwift.framework in Frameworks */,
			);
			runOnlyForDeploymentPostprocessing = 0;
		};
		8165EBD1215433CC00C7117A /* Frameworks */ = {
			isa = PBXFrameworksBuildPhase;
			buildActionMask = 2147483647;
			files = (
				81AE0BCC2154361F0019CA83 /* Accelerate.framework in Frameworks */,
				DFA16E70679BCDDE7252FDCF /* Pods_EllipticSwift_iOS.framework in Frameworks */,
			);
			runOnlyForDeploymentPostprocessing = 0;
		};
/* End PBXFrameworksBuildPhase section */

/* Begin PBXGroup section */
		77B4EF01108EC3871CD7F91D /* Pods */ = {
			isa = PBXGroup;
			children = (
				AAB5115501697A4C5D5E68AA /* Pods-EllipticSwift.debug.xcconfig */,
				02AE06522C21F95377D09895 /* Pods-EllipticSwift.release.xcconfig */,
				09C3C4D7B1B7ABB0D47B51E8 /* Pods-EllipticSwiftTests.debug.xcconfig */,
				B6FB7CF461DCA18CF4F8C4AE /* Pods-EllipticSwiftTests.release.xcconfig */,
				A8211FE381B08CE983FD86E8 /* Pods-EllipticSwift_iOS.debug.xcconfig */,
				1115AED3A4B27A038C78B34A /* Pods-EllipticSwift_iOS.release.xcconfig */,
			);
			path = Pods;
			sourceTree = "<group>";
		};
		8122DE4A21543A8400870D39 /* EllipticSwiftTests */ = {
			isa = PBXGroup;
			children = (
				8122DE4B21543A8400870D39 /* EllipticSwiftTests.swift */,
				8122DE4D21543A8400870D39 /* Info.plist */,
			);
			path = EllipticSwiftTests;
			sourceTree = "<group>";
		};
		8165EBAB2154337900C7117A = {
			isa = PBXGroup;
			children = (
				8165EBB72154337900C7117A /* EllipticSwift */,
				8165EBC22154337900C7117A /* EllipticSwiftTests */,
				8165EBD5215433CC00C7117A /* EllipticSwift_iOS */,
				8122DE4A21543A8400870D39 /* EllipticSwiftTests */,
				8165EBB62154337900C7117A /* Products */,
				77B4EF01108EC3871CD7F91D /* Pods */,
				99EDB7425DECB87991A736D6 /* Frameworks */,
			);
			sourceTree = "<group>";
		};
		8165EBB62154337900C7117A /* Products */ = {
			isa = PBXGroup;
			children = (
				8165EBB52154337900C7117A /* EllipticSwift.framework */,
				8165EBD4215433CC00C7117A /* EllipticSwift_iOS.framework */,
				8122DE4921543A8400870D39 /* EllipticSwiftTests.xctest */,
			);
			name = Products;
			sourceTree = "<group>";
		};
		8165EBB72154337900C7117A /* EllipticSwift */ = {
			isa = PBXGroup;
			children = (
				81F74E7C21598711006D4E9A /* GenericAlgorithms */,
				81F74E7521597725006D4E9A /* ExtensionField */,
				81F74E6B215965D7006D4E9A /* Protocols */,
				81F74E62215912D2006D4E9A /* FieldPolynomial */,
				81F74E5821591008006D4E9A /* PrecompiledCurves */,
				81AE0B4C215434000019CA83 /* Curve */,
				81AE0B52215434000019CA83 /* Extensions */,
				81AE0B57215434000019CA83 /* Field */,
				81AE0B5C215434000019CA83 /* FixedWidthTypes */,
				81AE0B54215434000019CA83 /* WindowMethods */,
				8165EBB82154337900C7117A /* EllipticSwift.h */,
				8165EBB92154337900C7117A /* Info.plist */,
			);
			path = EllipticSwift;
			sourceTree = "<group>";
		};
		8165EBC22154337900C7117A /* EllipticSwiftTests */ = {
			isa = PBXGroup;
			children = (
				81F74E6921591E11006D4E9A /* EllipticSwiftPolynomialTests.swift */,
				8165EBC32154337900C7117A /* EllipticSwiftTests.swift */,
				8165EBC52154337900C7117A /* Info.plist */,
			);
			path = EllipticSwiftTests;
			sourceTree = "<group>";
		};
		8165EBD5215433CC00C7117A /* EllipticSwift_iOS */ = {
			isa = PBXGroup;
			children = (
				8165EBD6215433CC00C7117A /* EllipticSwift_iOS.h */,
				8165EBD7215433CC00C7117A /* Info.plist */,
			);
			path = EllipticSwift_iOS;
			sourceTree = "<group>";
		};
		81AE0B4C215434000019CA83 /* Curve */ = {
			isa = PBXGroup;
			children = (
				81AE0B4D215434000019CA83 /* WeirstrassCurve.swift */,
				81AE0B4F215434000019CA83 /* AffineCoordinates.swift */,
				8122DE592154420400870D39 /* MontgommeryCurve.swift */,
				8122DE5B215447D100870D39 /* TwistedEdwardsCurve.swift */,
				81AE0B50215434000019CA83 /* Point.swift */,
				81246A16215E76C4005A0B65 /* ExtendableWeierstrassCurve.swift */,
			);
			path = Curve;
			sourceTree = "<group>";
		};
		81AE0B52215434000019CA83 /* Extensions */ = {
			isa = PBXGroup;
			children = (
				81AE0B53215434000019CA83 /* Data+Bytes.swift */,
				81F74E83215990AE006D4E9A /* UInt64+BitsAndBytes.swift */,
			);
			path = Extensions;
			sourceTree = "<group>";
		};
		81AE0B54215434000019CA83 /* WindowMethods */ = {
			isa = PBXGroup;
			children = (
				81AE0B55215434000019CA83 /* Constants.swift */,
				81AE0B56215434000019CA83 /* WindowMethods.swift */,
			);
			path = WindowMethods;
			sourceTree = "<group>";
		};
		81AE0B57215434000019CA83 /* Field */ = {
			isa = PBXGroup;
			children = (
				81F74E6F21596A3D006D4E9A /* FieldElement.swift */,
				81AE0B5B215434000019CA83 /* PrimeFieldElement.swift */,
				81AE0B58215434000019CA83 /* NaivePrimeField.swift */,
				81AE0B5A215434000019CA83 /* MontPrimeField.swift */,
				81E5C086215BF27B00BF7D52 /* NaivePrimeFiniteField.swift */,
			);
			path = Field;
			sourceTree = "<group>";
		};
		81AE0B5C215434000019CA83 /* FixedWidthTypes */ = {
			isa = PBXGroup;
			children = (
				81AE0B5D215434000019CA83 /* U512 */,
				81AE0B65215434000019CA83 /* UInt32.swift */,
				81AE0B66215434000019CA83 /* FiniteWidthInteger.swift */,
				81AE0B67215434000019CA83 /* vUInt32.swift */,
				81AE0B68215434000019CA83 /* U128 */,
				81AE0B6D215434000019CA83 /* U256 */,
			);
			path = FixedWidthTypes;
			sourceTree = "<group>";
		};
		81AE0B5D215434000019CA83 /* U512 */ = {
			isa = PBXGroup;
			children = (
				81AE0B5E215434000019CA83 /* U512+Div.swift */,
				81AE0B5F215434000019CA83 /* U512+Mul.swift */,
				81AE0B60215434000019CA83 /* U512.swift */,
				81AE0B61215434000019CA83 /* U512+Aux.swift */,
				81AE0B62215434000019CA83 /* U512+Sub.swift */,
				81AE0B63215434000019CA83 /* U512+Mod.swift */,
				81AE0B64215434000019CA83 /* U512+Add.swift */,
			);
			path = U512;
			sourceTree = "<group>";
		};
		81AE0B68215434000019CA83 /* U128 */ = {
			isa = PBXGroup;
			children = (
				81AE0B69215434000019CA83 /* U128+Comparable.swift */,
				81AE0B6A215434000019CA83 /* U128+BitAccessible.swift */,
				81AE0B6B215434000019CA83 /* U128+Equatable.swift */,
				81AE0B6C215434000019CA83 /* U128.swift */,
			);
			path = U128;
			sourceTree = "<group>";
		};
		81AE0B6D215434000019CA83 /* U256 */ = {
			isa = PBXGroup;
			children = (
				81AE0B6E215434000019CA83 /* U256+Numeric.swift */,
				81AE0B6F215434000019CA83 /* U256+Comparable.swift */,
				81AE0B70215434000019CA83 /* U256+Mod.swift */,
				81AE0B71215434000019CA83 /* U256+Add.swift */,
				81AE0B72215434000019CA83 /* U256+Equatable.swift */,
				81AE0B73215434000019CA83 /* U256+BitOps.swift */,
				81AE0B74215434000019CA83 /* U256+Sub.swift */,
				81AE0B75215434000019CA83 /* U256.swift */,
				81AE0B76215434000019CA83 /* U256+Mont.swift */,
				81AE0B77215434000019CA83 /* U256+Aux.swift */,
				81AE0B78215434000019CA83 /* U256+Div.swift */,
				81AE0B79215434000019CA83 /* U256+BitAccessible.swift */,
				81AE0B7A215434000019CA83 /* U256+Mul.swift */,
			);
			path = U256;
			sourceTree = "<group>";
		};
		81F74E5821591008006D4E9A /* PrecompiledCurves */ = {
			isa = PBXGroup;
			children = (
				81F74E5B21591027006D4E9A /* BLS381 */,
				81F74E5A2159101E006D4E9A /* BN256 */,
				81F74E5921591016006D4E9A /* Secp256k1 */,
			);
			path = PrecompiledCurves;
			sourceTree = "<group>";
		};
		81F74E5921591016006D4E9A /* Secp256k1 */ = {
			isa = PBXGroup;
			children = (
				81F74E5F21591058006D4E9A /* Secp256k1.swift */,
			);
			path = Secp256k1;
			sourceTree = "<group>";
		};
		81F74E5A2159101E006D4E9A /* BN256 */ = {
			isa = PBXGroup;
			children = (
				81F74E5C21591041006D4E9A /* BN256.swift */,
			);
			path = BN256;
			sourceTree = "<group>";
		};
		81F74E5B21591027006D4E9A /* BLS381 */ = {
			isa = PBXGroup;
			children = (
			);
			path = BLS381;
			sourceTree = "<group>";
		};
		81F74E62215912D2006D4E9A /* FieldPolynomial */ = {
			isa = PBXGroup;
			children = (
				81F74E63215912F4006D4E9A /* FieldPolynomial.swift */,
			);
			path = FieldPolynomial;
			sourceTree = "<group>";
		};
		81F74E6B215965D7006D4E9A /* Protocols */ = {
			isa = PBXGroup;
			children = (
				81AE0B59215434000019CA83 /* FieldProtocols.swift */,
				81AE0B51215434000019CA83 /* CurveProtocols.swift */,
				81F74E6C215965E6006D4E9A /* ArithmeticsProtocol.swift */,
				81F74E6621591334006D4E9A /* FieldPolynomialProtocol.swift */,
				81F74E722159757D006D4E9A /* GroupProtocol.swift */,
				81246A13215E74EC005A0B65 /* CurveOverArithmericsProtocol.swift */,
			);
			path = Protocols;
			sourceTree = "<group>";
		};
		81F74E7521597725006D4E9A /* ExtensionField */ = {
			isa = PBXGroup;
			children = (
				81F74E762159773C006D4E9A /* QuadraticExtensionField.swift */,
				81E5C07F215BDA1100BF7D52 /* CubicExtensionField.swift */,
				81F74E7921597903006D4E9A /* ExtensionFieldProtocol.swift */,
			);
			path = ExtensionField;
			sourceTree = "<group>";
		};
		81F74E7C21598711006D4E9A /* GenericAlgorithms */ = {
			isa = PBXGroup;
			children = (
				81F74E7D2159872A006D4E9A /* DoubleAndAddExponentiation.swift */,
				81F74E8021598F8A006D4E9A /* kSlidingWindowExponentiation.swift */,
			);
			path = GenericAlgorithms;
			sourceTree = "<group>";
		};
		99EDB7425DECB87991A736D6 /* Frameworks */ = {
			isa = PBXGroup;
			children = (
				81AE0BC9215436160019CA83 /* Accelerate.framework */,
				81AE0BCB2154361F0019CA83 /* Accelerate.framework */,
				ACCFE1DE84DC765CFE083B3D /* Pods_EllipticSwift.framework */,
				40792BF309C45D0D4C35AA1D /* Pods_EllipticSwiftTests.framework */,
				98BA8928F002F9DEBEC86D0F /* Pods_EllipticSwift_iOS.framework */,
			);
			name = Frameworks;
			sourceTree = "<group>";
		};
/* End PBXGroup section */

/* Begin PBXHeadersBuildPhase section */
		8165EBB02154337900C7117A /* Headers */ = {
			isa = PBXHeadersBuildPhase;
			buildActionMask = 2147483647;
			files = (
				8165EBC62154337900C7117A /* EllipticSwift.h in Headers */,
			);
			runOnlyForDeploymentPostprocessing = 0;
		};
		8165EBCF215433CC00C7117A /* Headers */ = {
			isa = PBXHeadersBuildPhase;
			buildActionMask = 2147483647;
			files = (
				8165EBD8215433CC00C7117A /* EllipticSwift_iOS.h in Headers */,
			);
			runOnlyForDeploymentPostprocessing = 0;
		};
/* End PBXHeadersBuildPhase section */

/* Begin PBXNativeTarget section */
		8122DE4821543A8400870D39 /* EllipticSwiftTests */ = {
			isa = PBXNativeTarget;
			buildConfigurationList = 8122DE5121543A8400870D39 /* Build configuration list for PBXNativeTarget "EllipticSwiftTests" */;
			buildPhases = (
				DF4FFE9AA1DC4D3C99C14AA1 /* [CP] Check Pods Manifest.lock */,
				8122DE4521543A8400870D39 /* Sources */,
				8122DE4621543A8400870D39 /* Frameworks */,
				8122DE4721543A8400870D39 /* Resources */,
				C4738BF845849AAA0AE0E88D /* [CP] Embed Pods Frameworks */,
			);
			buildRules = (
			);
			dependencies = (
				8122DE5021543A8400870D39 /* PBXTargetDependency */,
			);
			name = EllipticSwiftTests;
			productName = EllipticSwiftTests;
			productReference = 8122DE4921543A8400870D39 /* EllipticSwiftTests.xctest */;
			productType = "com.apple.product-type.bundle.unit-test";
		};
		8165EBB42154337900C7117A /* EllipticSwift */ = {
			isa = PBXNativeTarget;
			buildConfigurationList = 8165EBC92154337900C7117A /* Build configuration list for PBXNativeTarget "EllipticSwift" */;
			buildPhases = (
				5FC1210624A23186C7B41BD1 /* [CP] Check Pods Manifest.lock */,
				8165EBB02154337900C7117A /* Headers */,
				8165EBB12154337900C7117A /* Sources */,
				8165EBB22154337900C7117A /* Frameworks */,
				8165EBB32154337900C7117A /* Resources */,
			);
			buildRules = (
			);
			dependencies = (
			);
			name = EllipticSwift;
			productName = EllipticSwift;
			productReference = 8165EBB52154337900C7117A /* EllipticSwift.framework */;
			productType = "com.apple.product-type.framework";
		};
		8165EBD3215433CC00C7117A /* EllipticSwift_iOS */ = {
			isa = PBXNativeTarget;
			buildConfigurationList = 8165EBDB215433CC00C7117A /* Build configuration list for PBXNativeTarget "EllipticSwift_iOS" */;
			buildPhases = (
				40A93B7748000EF5DA274F9D /* [CP] Check Pods Manifest.lock */,
				8165EBCF215433CC00C7117A /* Headers */,
				8165EBD0215433CC00C7117A /* Sources */,
				8165EBD1215433CC00C7117A /* Frameworks */,
				8165EBD2215433CC00C7117A /* Resources */,
			);
			buildRules = (
			);
			dependencies = (
			);
			name = EllipticSwift_iOS;
			productName = EllipticSwift_iOS;
			productReference = 8165EBD4215433CC00C7117A /* EllipticSwift_iOS.framework */;
			productType = "com.apple.product-type.framework";
		};
/* End PBXNativeTarget section */

/* Begin PBXProject section */
		8165EBAC2154337900C7117A /* Project object */ = {
			isa = PBXProject;
			attributes = {
				LastSwiftUpdateCheck = 1000;
				LastUpgradeCheck = 1000;
				ORGANIZATIONNAME = "Alex Vlasov";
				TargetAttributes = {
					8122DE4821543A8400870D39 = {
						CreatedOnToolsVersion = 10.0;
					};
					8165EBB42154337900C7117A = {
						CreatedOnToolsVersion = 10.0;
					};
					8165EBD3215433CC00C7117A = {
						CreatedOnToolsVersion = 10.0;
					};
				};
			};
			buildConfigurationList = 8165EBAF2154337900C7117A /* Build configuration list for PBXProject "EllipticSwift" */;
			compatibilityVersion = "Xcode 9.3";
			developmentRegion = en;
			hasScannedForEncodings = 0;
			knownRegions = (
				en,
			);
			mainGroup = 8165EBAB2154337900C7117A;
			productRefGroup = 8165EBB62154337900C7117A /* Products */;
			projectDirPath = "";
			projectRoot = "";
			targets = (
				8165EBB42154337900C7117A /* EllipticSwift */,
				8165EBD3215433CC00C7117A /* EllipticSwift_iOS */,
				8122DE4821543A8400870D39 /* EllipticSwiftTests */,
			);
		};
/* End PBXProject section */

/* Begin PBXResourcesBuildPhase section */
		8122DE4721543A8400870D39 /* Resources */ = {
			isa = PBXResourcesBuildPhase;
			buildActionMask = 2147483647;
			files = (
			);
			runOnlyForDeploymentPostprocessing = 0;
		};
		8165EBB32154337900C7117A /* Resources */ = {
			isa = PBXResourcesBuildPhase;
			buildActionMask = 2147483647;
			files = (
			);
			runOnlyForDeploymentPostprocessing = 0;
		};
		8165EBD2215433CC00C7117A /* Resources */ = {
			isa = PBXResourcesBuildPhase;
			buildActionMask = 2147483647;
			files = (
			);
			runOnlyForDeploymentPostprocessing = 0;
		};
/* End PBXResourcesBuildPhase section */

/* Begin PBXShellScriptBuildPhase section */
		40A93B7748000EF5DA274F9D /* [CP] Check Pods Manifest.lock */ = {
			isa = PBXShellScriptBuildPhase;
			buildActionMask = 2147483647;
			files = (
			);
			inputFileListPaths = (
			);
			inputPaths = (
				"${PODS_PODFILE_DIR_PATH}/Podfile.lock",
				"${PODS_ROOT}/Manifest.lock",
			);
			name = "[CP] Check Pods Manifest.lock";
			outputFileListPaths = (
			);
			outputPaths = (
				"$(DERIVED_FILE_DIR)/Pods-EllipticSwift_iOS-checkManifestLockResult.txt",
			);
			runOnlyForDeploymentPostprocessing = 0;
			shellPath = /bin/sh;
			shellScript = "diff \"${PODS_PODFILE_DIR_PATH}/Podfile.lock\" \"${PODS_ROOT}/Manifest.lock\" > /dev/null\nif [ $? != 0 ] ; then\n    # print error to STDERR\n    echo \"error: The sandbox is not in sync with the Podfile.lock. Run 'pod install' or update your CocoaPods installation.\" >&2\n    exit 1\nfi\n# This output is used by Xcode 'outputs' to avoid re-running this script phase.\necho \"SUCCESS\" > \"${SCRIPT_OUTPUT_FILE_0}\"\n";
			showEnvVarsInLog = 0;
		};
		5FC1210624A23186C7B41BD1 /* [CP] Check Pods Manifest.lock */ = {
			isa = PBXShellScriptBuildPhase;
			buildActionMask = 2147483647;
			files = (
			);
			inputFileListPaths = (
			);
			inputPaths = (
				"${PODS_PODFILE_DIR_PATH}/Podfile.lock",
				"${PODS_ROOT}/Manifest.lock",
			);
			name = "[CP] Check Pods Manifest.lock";
			outputFileListPaths = (
			);
			outputPaths = (
				"$(DERIVED_FILE_DIR)/Pods-EllipticSwift-checkManifestLockResult.txt",
			);
			runOnlyForDeploymentPostprocessing = 0;
			shellPath = /bin/sh;
			shellScript = "diff \"${PODS_PODFILE_DIR_PATH}/Podfile.lock\" \"${PODS_ROOT}/Manifest.lock\" > /dev/null\nif [ $? != 0 ] ; then\n    # print error to STDERR\n    echo \"error: The sandbox is not in sync with the Podfile.lock. Run 'pod install' or update your CocoaPods installation.\" >&2\n    exit 1\nfi\n# This output is used by Xcode 'outputs' to avoid re-running this script phase.\necho \"SUCCESS\" > \"${SCRIPT_OUTPUT_FILE_0}\"\n";
			showEnvVarsInLog = 0;
		};
		C4738BF845849AAA0AE0E88D /* [CP] Embed Pods Frameworks */ = {
			isa = PBXShellScriptBuildPhase;
			buildActionMask = 2147483647;
			files = (
			);
			inputFileListPaths = (
			);
			inputPaths = (
				"${PODS_ROOT}/Target Support Files/Pods-EllipticSwiftTests/Pods-EllipticSwiftTests-frameworks.sh",
				"${BUILT_PRODUCTS_DIR}/BigInt-macOS/BigInt.framework",
				"${BUILT_PRODUCTS_DIR}/SipHash-macOS/SipHash.framework",
			);
			name = "[CP] Embed Pods Frameworks";
			outputFileListPaths = (
			);
			outputPaths = (
				"${TARGET_BUILD_DIR}/${FRAMEWORKS_FOLDER_PATH}/BigInt.framework",
				"${TARGET_BUILD_DIR}/${FRAMEWORKS_FOLDER_PATH}/SipHash.framework",
			);
			runOnlyForDeploymentPostprocessing = 0;
			shellPath = /bin/sh;
			shellScript = "\"${PODS_ROOT}/Target Support Files/Pods-EllipticSwiftTests/Pods-EllipticSwiftTests-frameworks.sh\"\n";
			showEnvVarsInLog = 0;
		};
		DF4FFE9AA1DC4D3C99C14AA1 /* [CP] Check Pods Manifest.lock */ = {
			isa = PBXShellScriptBuildPhase;
			buildActionMask = 2147483647;
			files = (
			);
			inputFileListPaths = (
			);
			inputPaths = (
				"${PODS_PODFILE_DIR_PATH}/Podfile.lock",
				"${PODS_ROOT}/Manifest.lock",
			);
			name = "[CP] Check Pods Manifest.lock";
			outputFileListPaths = (
			);
			outputPaths = (
				"$(DERIVED_FILE_DIR)/Pods-EllipticSwiftTests-checkManifestLockResult.txt",
			);
			runOnlyForDeploymentPostprocessing = 0;
			shellPath = /bin/sh;
			shellScript = "diff \"${PODS_PODFILE_DIR_PATH}/Podfile.lock\" \"${PODS_ROOT}/Manifest.lock\" > /dev/null\nif [ $? != 0 ] ; then\n    # print error to STDERR\n    echo \"error: The sandbox is not in sync with the Podfile.lock. Run 'pod install' or update your CocoaPods installation.\" >&2\n    exit 1\nfi\n# This output is used by Xcode 'outputs' to avoid re-running this script phase.\necho \"SUCCESS\" > \"${SCRIPT_OUTPUT_FILE_0}\"\n";
			showEnvVarsInLog = 0;
		};
/* End PBXShellScriptBuildPhase section */

/* Begin PBXSourcesBuildPhase section */
		8122DE4521543A8400870D39 /* Sources */ = {
			isa = PBXSourcesBuildPhase;
			buildActionMask = 2147483647;
			files = (
				8122DE4C21543A8400870D39 /* EllipticSwiftTests.swift in Sources */,
				81F74E6A21591E11006D4E9A /* EllipticSwiftPolynomialTests.swift in Sources */,
			);
			runOnlyForDeploymentPostprocessing = 0;
		};
		8165EBB12154337900C7117A /* Sources */ = {
			isa = PBXSourcesBuildPhase;
			buildActionMask = 2147483647;
			files = (
				81246A17215E76C4005A0B65 /* ExtendableWeierstrassCurve.swift in Sources */,
				81AE0B9F215434000019CA83 /* U512+Add.swift in Sources */,
				81AE0BA3215434000019CA83 /* FiniteWidthInteger.swift in Sources */,
				81AE0B83215434000019CA83 /* CurveProtocols.swift in Sources */,
				81AE0B85215434000019CA83 /* Data+Bytes.swift in Sources */,
				81246A14215E74EC005A0B65 /* CurveOverArithmericsProtocol.swift in Sources */,
				81AE0B89215434000019CA83 /* WindowMethods.swift in Sources */,
				81AE0BB7215434000019CA83 /* U256+Equatable.swift in Sources */,
				81AE0BAD215434000019CA83 /* U128.swift in Sources */,
				81AE0BA1215434000019CA83 /* UInt32.swift in Sources */,
				81AE0BB1215434000019CA83 /* U256+Comparable.swift in Sources */,
				81AE0BC5215434000019CA83 /* U256+BitAccessible.swift in Sources */,
				81AE0B8F215434000019CA83 /* MontPrimeField.swift in Sources */,
				81AE0BB3215434000019CA83 /* U256+Mod.swift in Sources */,
				81F74E8121598F8A006D4E9A /* kSlidingWindowExponentiation.swift in Sources */,
				81F74E84215990AE006D4E9A /* UInt64+BitsAndBytes.swift in Sources */,
				81F74E6021591058006D4E9A /* Secp256k1.swift in Sources */,
				81E5C087215BF27B00BF7D52 /* NaivePrimeFiniteField.swift in Sources */,
				81AE0BC1215434000019CA83 /* U256+Aux.swift in Sources */,
				8122DE5C215447D100870D39 /* TwistedEdwardsCurve.swift in Sources */,
				81AE0B9D215434000019CA83 /* U512+Mod.swift in Sources */,
				81AE0B95215434000019CA83 /* U512+Mul.swift in Sources */,
				81AE0BBB215434000019CA83 /* U256+Sub.swift in Sources */,
				81F74E772159773C006D4E9A /* QuadraticExtensionField.swift in Sources */,
				81AE0B97215434000019CA83 /* U512.swift in Sources */,
				81F74E7E2159872A006D4E9A /* DoubleAndAddExponentiation.swift in Sources */,
				81AE0B8D215434000019CA83 /* FieldProtocols.swift in Sources */,
				81AE0BC3215434000019CA83 /* U256+Div.swift in Sources */,
				81AE0BBD215434000019CA83 /* U256.swift in Sources */,
				81AE0B81215434000019CA83 /* Point.swift in Sources */,
				81AE0B87215434000019CA83 /* Constants.swift in Sources */,
				81AE0BC7215434000019CA83 /* U256+Mul.swift in Sources */,
				81F74E6D215965E6006D4E9A /* ArithmeticsProtocol.swift in Sources */,
				81F74E64215912F4006D4E9A /* FieldPolynomial.swift in Sources */,
				81AE0BBF215434000019CA83 /* U256+Mont.swift in Sources */,
				81F74E732159757D006D4E9A /* GroupProtocol.swift in Sources */,
				81AE0B8B215434000019CA83 /* NaivePrimeField.swift in Sources */,
				81F74E7A21597903006D4E9A /* ExtensionFieldProtocol.swift in Sources */,
				81F74E7021596A3D006D4E9A /* FieldElement.swift in Sources */,
				81F74E5D21591041006D4E9A /* BN256.swift in Sources */,
				81AE0B9B215434000019CA83 /* U512+Sub.swift in Sources */,
				81AE0B7F215434000019CA83 /* AffineCoordinates.swift in Sources */,
				81AE0BA7215434000019CA83 /* U128+Comparable.swift in Sources */,
				81AE0B93215434000019CA83 /* U512+Div.swift in Sources */,
				81AE0BA9215434000019CA83 /* U128+BitAccessible.swift in Sources */,
				81AE0BB5215434000019CA83 /* U256+Add.swift in Sources */,
				81AE0B91215434000019CA83 /* PrimeFieldElement.swift in Sources */,
				81AE0BB9215434000019CA83 /* U256+BitOps.swift in Sources */,
				81AE0BA5215434000019CA83 /* vUInt32.swift in Sources */,
				81AE0B7B215434000019CA83 /* WeirstrassCurve.swift in Sources */,
				8122DE5A2154420400870D39 /* MontgommeryCurve.swift in Sources */,
				81AE0BAB215434000019CA83 /* U128+Equatable.swift in Sources */,
				81AE0BAF215434000019CA83 /* U256+Numeric.swift in Sources */,
				81F74E6721591334006D4E9A /* FieldPolynomialProtocol.swift in Sources */,
				81AE0B99215434000019CA83 /* U512+Aux.swift in Sources */,
			);
			runOnlyForDeploymentPostprocessing = 0;
		};
		8165EBD0215433CC00C7117A /* Sources */ = {
			isa = PBXSourcesBuildPhase;
			buildActionMask = 2147483647;
			files = (
				81246A18215E76C4005A0B65 /* ExtendableWeierstrassCurve.swift in Sources */,
				81AE0BA0215434000019CA83 /* U512+Add.swift in Sources */,
				81AE0BA4215434000019CA83 /* FiniteWidthInteger.swift in Sources */,
				81AE0B84215434000019CA83 /* CurveProtocols.swift in Sources */,
				8122DE5E215447D300870D39 /* MontgommeryCurve.swift in Sources */,
				81246A15215E74EF005A0B65 /* CurveOverArithmericsProtocol.swift in Sources */,
				81AE0B86215434000019CA83 /* Data+Bytes.swift in Sources */,
				81AE0B8A215434000019CA83 /* WindowMethods.swift in Sources */,
				81AE0BB8215434000019CA83 /* U256+Equatable.swift in Sources */,
				81AE0BAE215434000019CA83 /* U128.swift in Sources */,
				81AE0BA2215434000019CA83 /* UInt32.swift in Sources */,
				81AE0BB2215434000019CA83 /* U256+Comparable.swift in Sources */,
				81AE0BC6215434000019CA83 /* U256+BitAccessible.swift in Sources */,
				81AE0B90215434000019CA83 /* MontPrimeField.swift in Sources */,
				81F74E8221598F8A006D4E9A /* kSlidingWindowExponentiation.swift in Sources */,
				81F74E85215990AE006D4E9A /* UInt64+BitsAndBytes.swift in Sources */,
				81F74E6121591058006D4E9A /* Secp256k1.swift in Sources */,
				81E5C088215BF27B00BF7D52 /* NaivePrimeFiniteField.swift in Sources */,
				81AE0BB4215434000019CA83 /* U256+Mod.swift in Sources */,
				81AE0BC2215434000019CA83 /* U256+Aux.swift in Sources */,
				81AE0B9E215434000019CA83 /* U512+Mod.swift in Sources */,
				81AE0B96215434000019CA83 /* U512+Mul.swift in Sources */,
				81AE0BBC215434000019CA83 /* U256+Sub.swift in Sources */,
				81F74E782159773C006D4E9A /* QuadraticExtensionField.swift in Sources */,
				81AE0B98215434000019CA83 /* U512.swift in Sources */,
				81F74E7F2159872A006D4E9A /* DoubleAndAddExponentiation.swift in Sources */,
				81AE0B8E215434000019CA83 /* FieldProtocols.swift in Sources */,
				81AE0BC4215434000019CA83 /* U256+Div.swift in Sources */,
				81AE0BBE215434000019CA83 /* U256.swift in Sources */,
				81AE0B82215434000019CA83 /* Point.swift in Sources */,
				81AE0B88215434000019CA83 /* Constants.swift in Sources */,
				81AE0BC8215434000019CA83 /* U256+Mul.swift in Sources */,
				81F74E6E215965E6006D4E9A /* ArithmeticsProtocol.swift in Sources */,
				81F74E65215912F4006D4E9A /* FieldPolynomial.swift in Sources */,
				81AE0BC0215434000019CA83 /* U256+Mont.swift in Sources */,
				81F74E742159757D006D4E9A /* GroupProtocol.swift in Sources */,
				81AE0B8C215434000019CA83 /* NaivePrimeField.swift in Sources */,
				81F74E7B21597903006D4E9A /* ExtensionFieldProtocol.swift in Sources */,
				81F74E7121596A3D006D4E9A /* FieldElement.swift in Sources */,
				81F74E5E21591041006D4E9A /* BN256.swift in Sources */,
				81AE0B9C215434000019CA83 /* U512+Sub.swift in Sources */,
				81AE0B80215434000019CA83 /* AffineCoordinates.swift in Sources */,
				81AE0BA8215434000019CA83 /* U128+Comparable.swift in Sources */,
				81AE0B94215434000019CA83 /* U512+Div.swift in Sources */,
				81AE0BAA215434000019CA83 /* U128+BitAccessible.swift in Sources */,
				81AE0BB6215434000019CA83 /* U256+Add.swift in Sources */,
				81AE0B92215434000019CA83 /* PrimeFieldElement.swift in Sources */,
				81AE0BBA215434000019CA83 /* U256+BitOps.swift in Sources */,
				81AE0BA6215434000019CA83 /* vUInt32.swift in Sources */,
				81AE0B7C215434000019CA83 /* WeirstrassCurve.swift in Sources */,
				81AE0BAC215434000019CA83 /* U128+Equatable.swift in Sources */,
				81AE0BB0215434000019CA83 /* U256+Numeric.swift in Sources */,
				81AE0B9A215434000019CA83 /* U512+Aux.swift in Sources */,
				81F74E6821591334006D4E9A /* FieldPolynomialProtocol.swift in Sources */,
				8122DE5D215447D100870D39 /* TwistedEdwardsCurve.swift in Sources */,
			);
			runOnlyForDeploymentPostprocessing = 0;
		};
/* End PBXSourcesBuildPhase section */

/* Begin PBXTargetDependency section */
		8122DE5021543A8400870D39 /* PBXTargetDependency */ = {
			isa = PBXTargetDependency;
			target = 8165EBB42154337900C7117A /* EllipticSwift */;
			targetProxy = 8122DE4F21543A8400870D39 /* PBXContainerItemProxy */;
		};
/* End PBXTargetDependency section */

/* Begin XCBuildConfiguration section */
		8122DE5221543A8400870D39 /* Debug */ = {
			isa = XCBuildConfiguration;
			baseConfigurationReference = 09C3C4D7B1B7ABB0D47B51E8 /* Pods-EllipticSwiftTests.debug.xcconfig */;
			buildSettings = {
				CODE_SIGN_STYLE = Automatic;
				COMBINE_HIDPI_IMAGES = YES;
				DEVELOPMENT_TEAM = 62V9CKQN89;
				INFOPLIST_FILE = EllipticSwiftTests/Info.plist;
				LD_RUNPATH_SEARCH_PATHS = (
					"$(inherited)",
					"@executable_path/../Frameworks",
					"@loader_path/../Frameworks",
				);
				ONLY_ACTIVE_ARCH = NO;
				PRODUCT_BUNDLE_IDENTIFIER = shamatar.EllipticSwiftTests;
				PRODUCT_NAME = "$(TARGET_NAME)";
				SWIFT_VERSION = 4.2;
			};
			name = Debug;
		};
		8122DE5321543A8400870D39 /* Release */ = {
			isa = XCBuildConfiguration;
			baseConfigurationReference = B6FB7CF461DCA18CF4F8C4AE /* Pods-EllipticSwiftTests.release.xcconfig */;
			buildSettings = {
				CODE_SIGN_STYLE = Automatic;
				COMBINE_HIDPI_IMAGES = YES;
				DEVELOPMENT_TEAM = 62V9CKQN89;
				INFOPLIST_FILE = EllipticSwiftTests/Info.plist;
				LD_RUNPATH_SEARCH_PATHS = (
					"$(inherited)",
					"@executable_path/../Frameworks",
					"@loader_path/../Frameworks",
				);
				PRODUCT_BUNDLE_IDENTIFIER = shamatar.EllipticSwiftTests;
				PRODUCT_NAME = "$(TARGET_NAME)";
				SWIFT_VERSION = 4.2;
			};
			name = Release;
		};
		8165EBC72154337900C7117A /* Debug */ = {
			isa = XCBuildConfiguration;
			buildSettings = {
				ALWAYS_SEARCH_USER_PATHS = NO;
				CLANG_ANALYZER_NONNULL = YES;
				CLANG_ANALYZER_NUMBER_OBJECT_CONVERSION = YES_AGGRESSIVE;
				CLANG_CXX_LANGUAGE_STANDARD = "gnu++14";
				CLANG_CXX_LIBRARY = "libc++";
				CLANG_ENABLE_MODULES = YES;
				CLANG_ENABLE_OBJC_ARC = YES;
				CLANG_ENABLE_OBJC_WEAK = YES;
				CLANG_WARN_BLOCK_CAPTURE_AUTORELEASING = YES;
				CLANG_WARN_BOOL_CONVERSION = YES;
				CLANG_WARN_COMMA = YES;
				CLANG_WARN_CONSTANT_CONVERSION = YES;
				CLANG_WARN_DEPRECATED_OBJC_IMPLEMENTATIONS = YES;
				CLANG_WARN_DIRECT_OBJC_ISA_USAGE = YES_ERROR;
				CLANG_WARN_DOCUMENTATION_COMMENTS = YES;
				CLANG_WARN_EMPTY_BODY = YES;
				CLANG_WARN_ENUM_CONVERSION = YES;
				CLANG_WARN_INFINITE_RECURSION = YES;
				CLANG_WARN_INT_CONVERSION = YES;
				CLANG_WARN_NON_LITERAL_NULL_CONVERSION = YES;
				CLANG_WARN_OBJC_IMPLICIT_RETAIN_SELF = YES;
				CLANG_WARN_OBJC_LITERAL_CONVERSION = YES;
				CLANG_WARN_OBJC_ROOT_CLASS = YES_ERROR;
				CLANG_WARN_RANGE_LOOP_ANALYSIS = YES;
				CLANG_WARN_STRICT_PROTOTYPES = YES;
				CLANG_WARN_SUSPICIOUS_MOVE = YES;
				CLANG_WARN_UNGUARDED_AVAILABILITY = YES_AGGRESSIVE;
				CLANG_WARN_UNREACHABLE_CODE = YES;
				CLANG_WARN__DUPLICATE_METHOD_MATCH = YES;
				CODE_SIGN_IDENTITY = "Mac Developer";
				COPY_PHASE_STRIP = NO;
				CURRENT_PROJECT_VERSION = 1;
				DEBUG_INFORMATION_FORMAT = dwarf;
				ENABLE_STRICT_OBJC_MSGSEND = YES;
				ENABLE_TESTABILITY = YES;
				GCC_C_LANGUAGE_STANDARD = gnu11;
				GCC_DYNAMIC_NO_PIC = NO;
				GCC_NO_COMMON_BLOCKS = YES;
				GCC_OPTIMIZATION_LEVEL = 0;
				GCC_PREPROCESSOR_DEFINITIONS = (
					"DEBUG=1",
					"$(inherited)",
				);
				GCC_WARN_64_TO_32_BIT_CONVERSION = YES;
				GCC_WARN_ABOUT_RETURN_TYPE = YES_ERROR;
				GCC_WARN_UNDECLARED_SELECTOR = YES;
				GCC_WARN_UNINITIALIZED_AUTOS = YES_AGGRESSIVE;
				GCC_WARN_UNUSED_FUNCTION = YES;
				GCC_WARN_UNUSED_VARIABLE = YES;
				MACOSX_DEPLOYMENT_TARGET = 10.11;
				MTL_ENABLE_DEBUG_INFO = INCLUDE_SOURCE;
				MTL_FAST_MATH = YES;
				ONLY_ACTIVE_ARCH = YES;
				SDKROOT = macosx;
				SWIFT_ACTIVE_COMPILATION_CONDITIONS = DEBUG;
				SWIFT_OPTIMIZATION_LEVEL = "-Onone";
				VERSIONING_SYSTEM = "apple-generic";
				VERSION_INFO_PREFIX = "";
			};
			name = Debug;
		};
		8165EBC82154337900C7117A /* Release */ = {
			isa = XCBuildConfiguration;
			buildSettings = {
				ALWAYS_SEARCH_USER_PATHS = NO;
				CLANG_ANALYZER_NONNULL = YES;
				CLANG_ANALYZER_NUMBER_OBJECT_CONVERSION = YES_AGGRESSIVE;
				CLANG_CXX_LANGUAGE_STANDARD = "gnu++14";
				CLANG_CXX_LIBRARY = "libc++";
				CLANG_ENABLE_MODULES = YES;
				CLANG_ENABLE_OBJC_ARC = YES;
				CLANG_ENABLE_OBJC_WEAK = YES;
				CLANG_WARN_BLOCK_CAPTURE_AUTORELEASING = YES;
				CLANG_WARN_BOOL_CONVERSION = YES;
				CLANG_WARN_COMMA = YES;
				CLANG_WARN_CONSTANT_CONVERSION = YES;
				CLANG_WARN_DEPRECATED_OBJC_IMPLEMENTATIONS = YES;
				CLANG_WARN_DIRECT_OBJC_ISA_USAGE = YES_ERROR;
				CLANG_WARN_DOCUMENTATION_COMMENTS = YES;
				CLANG_WARN_EMPTY_BODY = YES;
				CLANG_WARN_ENUM_CONVERSION = YES;
				CLANG_WARN_INFINITE_RECURSION = YES;
				CLANG_WARN_INT_CONVERSION = YES;
				CLANG_WARN_NON_LITERAL_NULL_CONVERSION = YES;
				CLANG_WARN_OBJC_IMPLICIT_RETAIN_SELF = YES;
				CLANG_WARN_OBJC_LITERAL_CONVERSION = YES;
				CLANG_WARN_OBJC_ROOT_CLASS = YES_ERROR;
				CLANG_WARN_RANGE_LOOP_ANALYSIS = YES;
				CLANG_WARN_STRICT_PROTOTYPES = YES;
				CLANG_WARN_SUSPICIOUS_MOVE = YES;
				CLANG_WARN_UNGUARDED_AVAILABILITY = YES_AGGRESSIVE;
				CLANG_WARN_UNREACHABLE_CODE = YES;
				CLANG_WARN__DUPLICATE_METHOD_MATCH = YES;
				CODE_SIGN_IDENTITY = "Mac Developer";
				COPY_PHASE_STRIP = NO;
				CURRENT_PROJECT_VERSION = 1;
				DEBUG_INFORMATION_FORMAT = "dwarf-with-dsym";
				ENABLE_NS_ASSERTIONS = NO;
				ENABLE_STRICT_OBJC_MSGSEND = YES;
				GCC_C_LANGUAGE_STANDARD = gnu11;
				GCC_NO_COMMON_BLOCKS = YES;
				GCC_WARN_64_TO_32_BIT_CONVERSION = YES;
				GCC_WARN_ABOUT_RETURN_TYPE = YES_ERROR;
				GCC_WARN_UNDECLARED_SELECTOR = YES;
				GCC_WARN_UNINITIALIZED_AUTOS = YES_AGGRESSIVE;
				GCC_WARN_UNUSED_FUNCTION = YES;
				GCC_WARN_UNUSED_VARIABLE = YES;
				MACOSX_DEPLOYMENT_TARGET = 10.11;
				MTL_ENABLE_DEBUG_INFO = NO;
				MTL_FAST_MATH = YES;
				SDKROOT = macosx;
				SWIFT_COMPILATION_MODE = wholemodule;
				SWIFT_OPTIMIZATION_LEVEL = "-O";
				VERSIONING_SYSTEM = "apple-generic";
				VERSION_INFO_PREFIX = "";
			};
			name = Release;
		};
		8165EBCA2154337900C7117A /* Debug */ = {
			isa = XCBuildConfiguration;
			baseConfigurationReference = AAB5115501697A4C5D5E68AA /* Pods-EllipticSwift.debug.xcconfig */;
			buildSettings = {
				CODE_SIGN_IDENTITY = "";
				CODE_SIGN_STYLE = Automatic;
				COMBINE_HIDPI_IMAGES = YES;
				DEFINES_MODULE = YES;
				DEVELOPMENT_TEAM = 62V9CKQN89;
				DYLIB_COMPATIBILITY_VERSION = 1;
				DYLIB_CURRENT_VERSION = 1;
				DYLIB_INSTALL_NAME_BASE = "@rpath";
				FRAMEWORK_VERSION = A;
				INFOPLIST_FILE = EllipticSwift/Info.plist;
				INSTALL_PATH = "$(LOCAL_LIBRARY_DIR)/Frameworks";
				LD_RUNPATH_SEARCH_PATHS = (
					"$(inherited)",
					"@executable_path/../Frameworks",
					"@loader_path/Frameworks",
				);
				MACOSX_DEPLOYMENT_TARGET = 10.11;
				PRODUCT_BUNDLE_IDENTIFIER = shamatar.EllipticSwift;
				PRODUCT_NAME = "$(TARGET_NAME:c99extidentifier)";
				SKIP_INSTALL = YES;
				SWIFT_VERSION = 4.2;
			};
			name = Debug;
		};
		8165EBCB2154337900C7117A /* Release */ = {
			isa = XCBuildConfiguration;
			baseConfigurationReference = 02AE06522C21F95377D09895 /* Pods-EllipticSwift.release.xcconfig */;
			buildSettings = {
				CODE_SIGN_IDENTITY = "";
				CODE_SIGN_STYLE = Automatic;
				COMBINE_HIDPI_IMAGES = YES;
				DEFINES_MODULE = YES;
				DEVELOPMENT_TEAM = 62V9CKQN89;
				DYLIB_COMPATIBILITY_VERSION = 1;
				DYLIB_CURRENT_VERSION = 1;
				DYLIB_INSTALL_NAME_BASE = "@rpath";
				FRAMEWORK_VERSION = A;
				INFOPLIST_FILE = EllipticSwift/Info.plist;
				INSTALL_PATH = "$(LOCAL_LIBRARY_DIR)/Frameworks";
				LD_RUNPATH_SEARCH_PATHS = (
					"$(inherited)",
					"@executable_path/../Frameworks",
					"@loader_path/Frameworks",
				);
				MACOSX_DEPLOYMENT_TARGET = 10.11;
				PRODUCT_BUNDLE_IDENTIFIER = shamatar.EllipticSwift;
				PRODUCT_NAME = "$(TARGET_NAME:c99extidentifier)";
				SKIP_INSTALL = YES;
				SWIFT_VERSION = 4.2;
			};
			name = Release;
		};
		8165EBD9215433CC00C7117A /* Debug */ = {
			isa = XCBuildConfiguration;
			baseConfigurationReference = A8211FE381B08CE983FD86E8 /* Pods-EllipticSwift_iOS.debug.xcconfig */;
			buildSettings = {
				CODE_SIGN_IDENTITY = "";
				CODE_SIGN_STYLE = Automatic;
				DEFINES_MODULE = YES;
				DEVELOPMENT_TEAM = 62V9CKQN89;
				DYLIB_COMPATIBILITY_VERSION = 1;
				DYLIB_CURRENT_VERSION = 1;
				DYLIB_INSTALL_NAME_BASE = "@rpath";
				INFOPLIST_FILE = EllipticSwift_iOS/Info.plist;
				INSTALL_PATH = "$(LOCAL_LIBRARY_DIR)/Frameworks";
				IPHONEOS_DEPLOYMENT_TARGET = 9.0;
				LD_RUNPATH_SEARCH_PATHS = (
					"$(inherited)",
					"@executable_path/Frameworks",
					"@loader_path/Frameworks",
				);
				PRODUCT_BUNDLE_IDENTIFIER = "shamatar.EllipticSwift-iOS";
				PRODUCT_NAME = "$(TARGET_NAME:c99extidentifier)";
				SDKROOT = iphoneos;
				SKIP_INSTALL = YES;
				SWIFT_VERSION = 4.2;
				TARGETED_DEVICE_FAMILY = "1,2";
			};
			name = Debug;
		};
		8165EBDA215433CC00C7117A /* Release */ = {
			isa = XCBuildConfiguration;
			baseConfigurationReference = 1115AED3A4B27A038C78B34A /* Pods-EllipticSwift_iOS.release.xcconfig */;
			buildSettings = {
				CODE_SIGN_IDENTITY = "";
				CODE_SIGN_STYLE = Automatic;
				DEFINES_MODULE = YES;
				DEVELOPMENT_TEAM = 62V9CKQN89;
				DYLIB_COMPATIBILITY_VERSION = 1;
				DYLIB_CURRENT_VERSION = 1;
				DYLIB_INSTALL_NAME_BASE = "@rpath";
				INFOPLIST_FILE = EllipticSwift_iOS/Info.plist;
				INSTALL_PATH = "$(LOCAL_LIBRARY_DIR)/Frameworks";
				IPHONEOS_DEPLOYMENT_TARGET = 9.0;
				LD_RUNPATH_SEARCH_PATHS = (
					"$(inherited)",
					"@executable_path/Frameworks",
					"@loader_path/Frameworks",
				);
				PRODUCT_BUNDLE_IDENTIFIER = "shamatar.EllipticSwift-iOS";
				PRODUCT_NAME = "$(TARGET_NAME:c99extidentifier)";
				SDKROOT = iphoneos;
				SKIP_INSTALL = YES;
				SWIFT_VERSION = 4.2;
				TARGETED_DEVICE_FAMILY = "1,2";
				VALIDATE_PRODUCT = YES;
			};
			name = Release;
		};
/* End XCBuildConfiguration section */

/* Begin XCConfigurationList section */
		8122DE5121543A8400870D39 /* Build configuration list for PBXNativeTarget "EllipticSwiftTests" */ = {
			isa = XCConfigurationList;
			buildConfigurations = (
				8122DE5221543A8400870D39 /* Debug */,
				8122DE5321543A8400870D39 /* Release */,
			);
			defaultConfigurationIsVisible = 0;
			defaultConfigurationName = Release;
		};
		8165EBAF2154337900C7117A /* Build configuration list for PBXProject "EllipticSwift" */ = {
			isa = XCConfigurationList;
			buildConfigurations = (
				8165EBC72154337900C7117A /* Debug */,
				8165EBC82154337900C7117A /* Release */,
			);
			defaultConfigurationIsVisible = 0;
			defaultConfigurationName = Release;
		};
		8165EBC92154337900C7117A /* Build configuration list for PBXNativeTarget "EllipticSwift" */ = {
			isa = XCConfigurationList;
			buildConfigurations = (
				8165EBCA2154337900C7117A /* Debug */,
				8165EBCB2154337900C7117A /* Release */,
			);
			defaultConfigurationIsVisible = 0;
			defaultConfigurationName = Release;
		};
		8165EBDB215433CC00C7117A /* Build configuration list for PBXNativeTarget "EllipticSwift_iOS" */ = {
			isa = XCConfigurationList;
			buildConfigurations = (
				8165EBD9215433CC00C7117A /* Debug */,
				8165EBDA215433CC00C7117A /* Release */,
			);
			defaultConfigurationIsVisible = 0;
			defaultConfigurationName = Release;
		};
/* End XCConfigurationList section */
	};
	rootObject = 8165EBAC2154337900C7117A /* Project object */;
}
